{
  "name": "online-clipboard",
  "lockfileVersion": 2,
  "requires": true,
  "packages": {
    "": {
      "dependencies": {
        "@codemirror/language-data": "^6.1.0",
        "@uiw/codemirror-theme-dracula": "^4.9.4"
      }
    },
    "node_modules/@codemirror/autocomplete": {
      "version": "6.0.2",
      "resolved": "https://registry.npmjs.org/@codemirror/autocomplete/-/autocomplete-6.0.2.tgz",
      "integrity": "sha512-9PDjnllmXan/7Uax87KGORbxerDJ/cu10SB+n4Jz0zXMEvIh3+TGgZxhIvDOtaQ4jDBQEM7kHYW4vLdQB0DGZQ==",
      "dependencies": {
        "@codemirror/language": "^6.0.0",
        "@codemirror/state": "^6.0.0",
        "@codemirror/view": "^6.0.0",
        "@lezer/common": "^1.0.0"
      },
      "peerDependencies": {
        "@codemirror/language": "^6.0.0",
        "@codemirror/state": "^6.0.0",
        "@codemirror/view": "^6.0.0",
        "@lezer/common": "^1.0.0"
      }
    },
    "node_modules/@codemirror/lang-cpp": {
      "version": "6.0.1",
      "resolved": "https://registry.npmjs.org/@codemirror/lang-cpp/-/lang-cpp-6.0.1.tgz",
      "integrity": "sha512-46p3ohfhjzkLWJ3VwvzX0aqlXh8UkEqX1xo2Eds9l6Ql3uDoxI2IZEjR9cgJaGOZTXCkDzQuQH7sfYAxMvzLjA==",
      "dependencies": {
        "@codemirror/language": "^6.0.0",
        "@lezer/cpp": "^1.0.0"
      }
    },
    "node_modules/@codemirror/lang-css": {
      "version": "6.0.0",
      "resolved": "https://registry.npmjs.org/@codemirror/lang-css/-/lang-css-6.0.0.tgz",
      "integrity": "sha512-jBqc+BTuwhNOTlrimFghLlSrN6iFuE44HULKWoR4qKYObhOIl9Lci1iYj6zMIte1XTQmZguNvjXMyr43LUKwSw==",
      "dependencies": {
        "@codemirror/autocomplete": "^6.0.0",
        "@codemirror/language": "^6.0.0",
        "@codemirror/state": "^6.0.0",
        "@lezer/css": "^1.0.0"
      }
    },
    "node_modules/@codemirror/lang-html": {
      "version": "6.1.0",
      "resolved": "https://registry.npmjs.org/@codemirror/lang-html/-/lang-html-6.1.0.tgz",
      "integrity": "sha512-gA7NmJxqvnhwza05CvR7W/39Ap9r/4Vs9uiC0IeFYo1hSlJzc/8N6Evviz6vTW1x8SpHcRYyqKOf6rpl6LfWtg==",
      "dependencies": {
        "@codemirror/autocomplete": "^6.0.0",
        "@codemirror/lang-css": "^6.0.0",
        "@codemirror/lang-javascript": "^6.0.0",
        "@codemirror/language": "^6.0.0",
        "@codemirror/state": "^6.0.0",
        "@lezer/common": "^1.0.0",
        "@lezer/html": "^1.0.0"
      }
    },
    "node_modules/@codemirror/lang-java": {
      "version": "6.0.0",
      "resolved": "https://registry.npmjs.org/@codemirror/lang-java/-/lang-java-6.0.0.tgz",
      "integrity": "sha512-aeWq+ikUS6Eubk6RBbiMgxuBIT4Ih8Asb1qc2pSiMcstrwr4ODbazPXsBHbLBYg3aObvFyOm2bNQncbQJjZ3sQ==",
      "dependencies": {
        "@codemirror/language": "^6.0.0",
        "@lezer/java": "^1.0.0"
      }
    },
    "node_modules/@codemirror/lang-javascript": {
      "version": "6.0.0",
      "resolved": "https://registry.npmjs.org/@codemirror/lang-javascript/-/lang-javascript-6.0.0.tgz",
      "integrity": "sha512-IQLfR+pgydwLxP3AQYOhjGfLWlAZz5SEH+M1tnUXVvp2+KZhn3iDTQX/7HZgoJ3w0oySKOxPjdq6jmkTCW6/sg==",
      "dependencies": {
        "@codemirror/autocomplete": "^6.0.0",
        "@codemirror/language": "^6.0.0",
        "@codemirror/lint": "^6.0.0",
        "@codemirror/state": "^6.0.0",
        "@codemirror/view": "^6.0.0",
        "@lezer/common": "^1.0.0",
        "@lezer/javascript": "^1.0.0"
      }
    },
    "node_modules/@codemirror/lang-json": {
      "version": "6.0.0",
      "resolved": "https://registry.npmjs.org/@codemirror/lang-json/-/lang-json-6.0.0.tgz",
      "integrity": "sha512-DvTcYTKLmg2viADXlTdufrT334M9jowe1qO02W28nvm+nejcvhM5vot5mE8/kPrxYw/HJHhwu1z2PyBpnMLCNQ==",
      "dependencies": {
        "@codemirror/language": "^6.0.0",
        "@lezer/json": "^1.0.0"
      }
    },
    "node_modules/@codemirror/lang-markdown": {
      "version": "6.0.0",
      "resolved": "https://registry.npmjs.org/@codemirror/lang-markdown/-/lang-markdown-6.0.0.tgz",
      "integrity": "sha512-ozJaO1W4WgGlwWOoYCSYzbVhhM0YM/4lAWLrNsBbmhh5Ztpl0qm4CgEQRl3t8/YcylTZYBIXiskui8sHNGd4dg==",
      "dependencies": {
        "@codemirror/lang-html": "^6.0.0",
        "@codemirror/language": "^6.0.0",
        "@codemirror/state": "^6.0.0",
        "@codemirror/view": "^6.0.0",
        "@lezer/common": "^1.0.0",
        "@lezer/markdown": "^1.0.0"
      }
    },
    "node_modules/@codemirror/lang-php": {
      "version": "6.0.0",
      "resolved": "https://registry.npmjs.org/@codemirror/lang-php/-/lang-php-6.0.0.tgz",
      "integrity": "sha512-96CEjq0xEgbzc6bdFPwILPfZ6m8917JRbh2oPszZJABlYxG4Y+eYjtYkUTDb4yuyjQKyigHoeGC6zoIOYA1NWA==",
      "dependencies": {
        "@codemirror/lang-html": "^6.0.0",
        "@codemirror/language": "^6.0.0",
        "@codemirror/state": "^6.0.0",
        "@lezer/common": "^1.0.0",
        "@lezer/php": "^1.0.0"
      }
    },
    "node_modules/@codemirror/lang-python": {
      "version": "6.0.0",
      "resolved": "https://registry.npmjs.org/@codemirror/lang-python/-/lang-python-6.0.0.tgz",
      "integrity": "sha512-wI448yup4Y2Xxq/7r3Q4eEmth74ud263ABcexumEFEcoU+0c1k5XRKXp1aT5PrrVavlAKxWQMEvgi+x+HBU4zQ==",
      "dependencies": {
        "@codemirror/language": "^6.0.0",
        "@lezer/python": "^1.0.0"
      }
    },
    "node_modules/@codemirror/lang-rust": {
      "version": "6.0.0",
      "resolved": "https://registry.npmjs.org/@codemirror/lang-rust/-/lang-rust-6.0.0.tgz",
      "integrity": "sha512-VQql3Qk1BwoXb3SUkeWll/EEwhsgQWc1bpia7CFqqp2PhQBb5A6r4Vj2JCkU/nE6A7TDPSGHTOoqJSG5s/VXtQ==",
      "dependencies": {
        "@codemirror/language": "^6.0.0",
        "@lezer/rust": "^1.0.0"
      }
    },
    "node_modules/@codemirror/lang-sql": {
      "version": "6.0.0",
      "resolved": "https://registry.npmjs.org/@codemirror/lang-sql/-/lang-sql-6.0.0.tgz",
      "integrity": "sha512-mq4NwTDbbo7QZktfgPsS+ms0FmAceH4WM2jLbgf+N28FoKUy0JzGe3XJymgnTewXnNUwujKBxArQzibxSDdVyQ==",
      "dependencies": {
        "@codemirror/autocomplete": "^6.0.0",
        "@codemirror/language": "^6.0.0",
        "@codemirror/state": "^6.0.0",
        "@lezer/highlight": "^1.0.0",
        "@lezer/lr": "^1.0.0"
      }
    },
    "node_modules/@codemirror/lang-wast": {
      "version": "6.0.0",
      "resolved": "https://registry.npmjs.org/@codemirror/lang-wast/-/lang-wast-6.0.0.tgz",
      "integrity": "sha512-vSbtLrxuB95PC5LJ+yszKVmBUkLmMdowNFjjn0e+LHeBzvpdQJHVomgE76UUFeZGW+Ht0VfM6rxEd9SL85FuhA==",
      "dependencies": {
        "@codemirror/language": "^6.0.0",
        "@lezer/highlight": "^1.0.0",
        "@lezer/lr": "^1.0.0"
      }
    },
    "node_modules/@codemirror/lang-xml": {
      "version": "6.0.0",
      "resolved": "https://registry.npmjs.org/@codemirror/lang-xml/-/lang-xml-6.0.0.tgz",
      "integrity": "sha512-M/HLWxIiP956xGjtrxkeHkCmDGVQGKu782x8pOH5CLJIMkWtiB1DWfDoDHqpFjdEE9dkfcqPWvYfVi6GbhuXEg==",
      "dependencies": {
        "@codemirror/autocomplete": "^6.0.0",
        "@codemirror/language": "^6.0.0",
        "@codemirror/state": "^6.0.0",
        "@lezer/common": "^1.0.0",
        "@lezer/xml": "^1.0.0"
      }
    },
    "node_modules/@codemirror/language": {
      "version": "6.1.0",
      "resolved": "https://registry.npmjs.org/@codemirror/language/-/language-6.1.0.tgz",
      "integrity": "sha512-CeqY80nvUFrJcXcBW115aNi06D0PS8NSW6nuJRSwbrYFkE0SfJnPfyLGrcM90AV95lqg5+4xUi99BCmzNaPGJg==",
      "dependencies": {
        "@codemirror/state": "^6.0.0",
        "@codemirror/view": "^6.0.0",
        "@lezer/common": "^1.0.0",
        "@lezer/highlight": "^1.0.0",
        "@lezer/lr": "^1.0.0",
        "style-mod": "^4.0.0"
      }
    },
    "node_modules/@codemirror/language-data": {
      "version": "6.1.0",
      "resolved": "https://registry.npmjs.org/@codemirror/language-data/-/language-data-6.1.0.tgz",
      "integrity": "sha512-g9V23fuLRI9AEbpM6bDy1oquqgpFlIDHTihUhL21NPmxp+x67ZJbsKk+V71W7/Bj8SCqEO1PtqQA/tDGgt1nfw==",
      "dependencies": {
        "@codemirror/lang-cpp": "^6.0.0",
        "@codemirror/lang-css": "^6.0.0",
        "@codemirror/lang-html": "^6.0.0",
        "@codemirror/lang-java": "^6.0.0",
        "@codemirror/lang-javascript": "^6.0.0",
        "@codemirror/lang-json": "^6.0.0",
        "@codemirror/lang-markdown": "^6.0.0",
        "@codemirror/lang-php": "^6.0.0",
        "@codemirror/lang-python": "^6.0.0",
        "@codemirror/lang-rust": "^6.0.0",
        "@codemirror/lang-sql": "^6.0.0",
        "@codemirror/lang-wast": "^6.0.0",
        "@codemirror/lang-xml": "^6.0.0",
        "@codemirror/language": "^6.0.0",
        "@codemirror/legacy-modes": "^6.1.0"
      }
    },
    "node_modules/@codemirror/legacy-modes": {
      "version": "6.1.0",
      "resolved": "https://registry.npmjs.org/@codemirror/legacy-modes/-/legacy-modes-6.1.0.tgz",
      "integrity": "sha512-V/PgGpndkZeTn3Hdlg/gd8MLFdyvTCIX+iwJzjUw5iNziWiNsAY8X0jvf7m3gSfxnKkNzmid6l0g4rYSpiDaCw==",
      "dependencies": {
        "@codemirror/language": "^6.0.0"
      }
    },
    "node_modules/@codemirror/lint": {
      "version": "6.0.0",
      "resolved": "https://registry.npmjs.org/@codemirror/lint/-/lint-6.0.0.tgz",
      "integrity": "sha512-nUUXcJW1Xp54kNs+a1ToPLK8MadO0rMTnJB8Zk4Z8gBdrN0kqV7uvUraU/T2yqg+grDNR38Vmy/MrhQN/RgwiA==",
      "dependencies": {
        "@codemirror/state": "^6.0.0",
        "@codemirror/view": "^6.0.0",
        "crelt": "^1.0.5"
      }
    },
    "node_modules/@codemirror/state": {
      "version": "6.0.1",
      "resolved": "https://registry.npmjs.org/@codemirror/state/-/state-6.0.1.tgz",
      "integrity": "sha512-6vYgaXc4KjSY0BUfSVDJooGcoswg/RJZpq/ZGjsUYmY0KN1lmB8u03nv+jiG1ncUV5qoggyxFT5AGD5Ak+5Zrw=="
    },
    "node_modules/@codemirror/view": {
      "version": "6.0.2",
      "resolved": "https://registry.npmjs.org/@codemirror/view/-/view-6.0.2.tgz",
      "integrity": "sha512-mnVT/q1JvKPjpmjXJNeCi/xHyaJ3abGJsumIVpdQ1nE1MXAyHf7GHWt8QpWMUvDiqF0j+inkhVR2OviTdFFX7Q==",
      "dependencies": {
        "@codemirror/state": "^6.0.0",
        "style-mod": "^4.0.0",
        "w3c-keyname": "^2.2.4"
      }
    },
    "node_modules/@lezer/common": {
      "version": "1.0.0",
      "resolved": "https://registry.npmjs.org/@lezer/common/-/common-1.0.0.tgz",
      "integrity": "sha512-ohydQe+Hb+w4oMDvXzs8uuJd2NoA3D8YDcLiuDsLqH+yflDTPEpgCsWI3/6rH5C3BAedtH1/R51dxENldQceEA=="
    },
    "node_modules/@lezer/cpp": {
      "version": "1.0.0",
      "resolved": "https://registry.npmjs.org/@lezer/cpp/-/cpp-1.0.0.tgz",
      "integrity": "sha512-Klk3/AIEKoptmm6cNm7xTulNXjdTKkD+hVOEcz/NeRg8tIestP5hsGHJeFDR/XtyDTxsjoPjKZRIGohht7zbKw==",
      "dependencies": {
        "@lezer/highlight": "^1.0.0",
        "@lezer/lr": "^1.0.0"
      }
    },
    "node_modules/@lezer/css": {
      "version": "1.0.0",
      "resolved": "https://registry.npmjs.org/@lezer/css/-/css-1.0.0.tgz",
      "integrity": "sha512-616VqgDKumHmYIuxs3tnX1irEQmoDHgF/TlP4O5ICWwyHwLMErq+8iKVuzTkOdBqvYAVmObqThcDEAaaMJjAdg==",
      "dependencies": {
        "@lezer/highlight": "^1.0.0",
        "@lezer/lr": "^1.0.0"
      }
    },
    "node_modules/@lezer/highlight": {
      "version": "1.0.0",
      "resolved": "https://registry.npmjs.org/@lezer/highlight/-/highlight-1.0.0.tgz",
      "integrity": "sha512-nsCnNtim90UKsB5YxoX65v3GEIw3iCHw9RM2DtdgkiqAbKh9pCdvi8AWNwkYf10Lu6fxNhXPpkpHbW6mihhvJA==",
      "dependencies": {
        "@lezer/common": "^1.0.0"
      }
    },
    "node_modules/@lezer/html": {
      "version": "1.0.0",
      "resolved": "https://registry.npmjs.org/@lezer/html/-/html-1.0.0.tgz",
      "integrity": "sha512-wZHBcieArLTxEi198hqRBBHMySzDKo5suWaESdUw0t44IXp01vkSRwX2brG1qBbKdwJ+C6U0iMl00vWNiyAROg==",
      "dependencies": {
        "@lezer/highlight": "^1.0.0",
        "@lezer/lr": "^1.0.0"
      }
    },
    "node_modules/@lezer/java": {
      "version": "1.0.0",
      "resolved": "https://registry.npmjs.org/@lezer/java/-/java-1.0.0.tgz",
      "integrity": "sha512-z2EA0JHq2WoiKfQy5uOOd4t17PJtq8guh58gPkSzOnNcQ7DNbkrU+Axak+jL8+Noinwyz2tRNOseQFj+Tg+P0A==",
      "dependencies": {
        "@lezer/highlight": "^1.0.0",
        "@lezer/lr": "^1.0.0"
      }
    },
    "node_modules/@lezer/javascript": {
      "version": "1.0.0",
      "resolved": "https://registry.npmjs.org/@lezer/javascript/-/javascript-1.0.0.tgz",
      "integrity": "sha512-RawBSrMD9yrVdrXWKn7hqo5BqgBaFelUx80i6p2/V0f+0THjncSSrRC6v3QWVv++RpqWT59L8ujKZjlExJq9xw==",
      "dependencies": {
        "@lezer/highlight": "^1.0.0",
        "@lezer/lr": "^1.0.0"
      }
    },
    "node_modules/@lezer/json": {
      "version": "1.0.0",
      "resolved": "https://registry.npmjs.org/@lezer/json/-/json-1.0.0.tgz",
      "integrity": "sha512-zbAuUY09RBzCoCA3lJ1+ypKw5WSNvLqGMtasdW6HvVOqZoCpPr8eWrsGnOVWGKGn8Rh21FnrKRVlJXrGAVUqRw==",
      "dependencies": {
        "@lezer/highlight": "^1.0.0",
        "@lezer/lr": "^1.0.0"
      }
    },
    "node_modules/@lezer/lr": {
      "version": "1.0.0",
      "resolved": "https://registry.npmjs.org/@lezer/lr/-/lr-1.0.0.tgz",
      "integrity": "sha512-k6DEqBh4HxqO/cVGedb6Ern6LS7K6IOzfydJ5WaqCR26v6UR9sIFyb6PS+5rPUs/mXgnBR/QQCW7RkyjSCMoQA==",
      "dependencies": {
        "@lezer/common": "^1.0.0"
      }
    },
    "node_modules/@lezer/markdown": {
      "version": "1.0.0",
      "resolved": "https://registry.npmjs.org/@lezer/markdown/-/markdown-1.0.0.tgz",
      "integrity": "sha512-zXPyB87LoEEGzwxtzfLaeiHOgxCgw/eEAD+meDmF8ldNggD4H22pEMCEwgKZKc8wV9dEeQGxYmuC+yW+LqAFew==",
      "dependencies": {
        "@lezer/common": "^1.0.0",
        "@lezer/highlight": "^1.0.0"
      }
    },
    "node_modules/@lezer/php": {
      "version": "1.0.0",
      "resolved": "https://registry.npmjs.org/@lezer/php/-/php-1.0.0.tgz",
      "integrity": "sha512-kFQu/mk/vmjpA+fjQU87d9eimqKJ9PFCa8CZCPFWGEwNnm7Ahpw32N+HYEU/YAQ0XcfmOAnW/YJCEa8WpUOMMw==",
      "dependencies": {
        "@lezer/highlight": "^1.0.0",
        "@lezer/lr": "^1.0.0"
      }
    },
    "node_modules/@lezer/python": {
      "version": "1.0.0",
      "resolved": "https://registry.npmjs.org/@lezer/python/-/python-1.0.0.tgz",
      "integrity": "sha512-UQtDPmNhXxQZ7/Uoh8mR6sckrFzeyrjCkTIy7WQY8Sjdfi8wmr49iPbgsThy1Jy0DDBTnqZRULDngXNJ5AWVqg==",
      "dependencies": {
        "@lezer/highlight": "^1.0.0",
        "@lezer/lr": "^1.0.0"
      }
    },
    "node_modules/@lezer/rust": {
      "version": "1.0.0",
      "resolved": "https://registry.npmjs.org/@lezer/rust/-/rust-1.0.0.tgz",
      "integrity": "sha512-IpGAxIjNxYmX9ra6GfQTSPegdCAWNeq23WNmrsMMQI7YNSvKtYxO4TX5rgZUmbhEucWn0KTBMeDEPXg99YKtTA==",
      "dependencies": {
        "@lezer/highlight": "^1.0.0",
        "@lezer/lr": "^1.0.0"
      }
    },
    "node_modules/@lezer/xml": {
      "version": "1.0.0",
      "resolved": "https://registry.npmjs.org/@lezer/xml/-/xml-1.0.0.tgz",
      "integrity": "sha512-73iI9UK8iqSvWtLlOEl/g+50ivwQn8Ge6foHVN66AXUS1RccFnAoc7BYU8b3c8/rP6dfCOGqAGaWLxBzhj60MA==",
      "dependencies": {
        "@lezer/highlight": "^1.0.0",
        "@lezer/lr": "^1.0.0"
      }
    },
    "node_modules/@uiw/codemirror-theme-dracula": {
      "version": "4.9.4",
      "resolved": "https://registry.npmjs.org/@uiw/codemirror-theme-dracula/-/codemirror-theme-dracula-4.9.4.tgz",
      "integrity": "sha512-NHhfOm9tbzD8zw/ev2kordyRmiO3A7B5MzMFkpxCP4vTZH/+TR/jctw+RfN+1DwJYXUo1DEultvRWJ99u9zTjg==",
      "dependencies": {
        "@uiw/codemirror-themes": "4.9.4"
      }
    },
    "node_modules/@uiw/codemirror-themes": {
      "version": "4.9.4",
      "resolved": "https://registry.npmjs.org/@uiw/codemirror-themes/-/codemirror-themes-4.9.4.tgz",
      "integrity": "sha512-8aBVCenwvhIUjs6HNenqZhxIbrRdN/sBVPmikPi3lntK1HfGRqBHmU0XjdCjp6uGXwUl7b5J0mmNsKS7PaLPWg==",
      "dependencies": {
        "@codemirror/language": "^6.0.0",
        "@codemirror/state": "^6.0.0",
        "@codemirror/view": "^6.0.0"
      }
    },
    "node_modules/crelt": {
      "version": "1.0.5",
      "resolved": "https://registry.npmjs.org/crelt/-/crelt-1.0.5.tgz",
      "integrity": "sha512-+BO9wPPi+DWTDcNYhr/W90myha8ptzftZT+LwcmUbbok0rcP/fequmFYCw8NMoH7pkAZQzU78b3kYrlua5a9eA=="
    },
    "node_modules/style-mod": {
      "version": "4.0.0",
      "resolved": "https://registry.npmjs.org/style-mod/-/style-mod-4.0.0.tgz",
      "integrity": "sha512-OPhtyEjyyN9x3nhPsu76f52yUGXiZcgvsrFVtvTkyGRQJ0XK+GPc6ov1z+lRpbeabka+MYEQxOYRnt5nF30aMw=="
    },
    "node_modules/w3c-keyname": {
      "version": "2.2.4",
      "resolved": "https://registry.npmjs.org/w3c-keyname/-/w3c-keyname-2.2.4.tgz",
      "integrity": "sha512-tOhfEwEzFLJzf6d1ZPkYfGj+FWhIpBux9ppoP3rlclw3Z0BZv3N7b7030Z1kYth+6rDuAsXUFr+d0VE6Ed1ikw=="
    }
  },
  "dependencies": {
    "@codemirror/autocomplete": {
      "version": "6.0.2",
      "resolved": "https://registry.npmjs.org/@codemirror/autocomplete/-/autocomplete-6.0.2.tgz",
      "integrity": "sha512-9PDjnllmXan/7Uax87KGORbxerDJ/cu10SB+n4Jz0zXMEvIh3+TGgZxhIvDOtaQ4jDBQEM7kHYW4vLdQB0DGZQ==",
      "requires": {
        "@codemirror/language": "^6.0.0",
        "@codemirror/state": "^6.0.0",
        "@codemirror/view": "^6.0.0",
        "@lezer/common": "^1.0.0"
      }
    },
    "@codemirror/lang-cpp": {
      "version": "6.0.1",
      "resolved": "https://registry.npmjs.org/@codemirror/lang-cpp/-/lang-cpp-6.0.1.tgz",
      "integrity": "sha512-46p3ohfhjzkLWJ3VwvzX0aqlXh8UkEqX1xo2Eds9l6Ql3uDoxI2IZEjR9cgJaGOZTXCkDzQuQH7sfYAxMvzLjA==",
      "requires": {
        "@codemirror/language": "^6.0.0",
        "@lezer/cpp": "^1.0.0"
      }
    },
    "@codemirror/lang-css": {
      "version": "6.0.0",
      "resolved": "https://registry.npmjs.org/@codemirror/lang-css/-/lang-css-6.0.0.tgz",
      "integrity": "sha512-jBqc+BTuwhNOTlrimFghLlSrN6iFuE44HULKWoR4qKYObhOIl9Lci1iYj6zMIte1XTQmZguNvjXMyr43LUKwSw==",
      "requires": {
        "@codemirror/autocomplete": "^6.0.0",
        "@codemirror/language": "^6.0.0",
        "@codemirror/state": "^6.0.0",
        "@lezer/css": "^1.0.0"
      }
    },
    "@codemirror/lang-html": {
      "version": "6.1.0",
      "resolved": "https://registry.npmjs.org/@codemirror/lang-html/-/lang-html-6.1.0.tgz",
      "integrity": "sha512-gA7NmJxqvnhwza05CvR7W/39Ap9r/4Vs9uiC0IeFYo1hSlJzc/8N6Evviz6vTW1x8SpHcRYyqKOf6rpl6LfWtg==",
      "requires": {
        "@codemirror/autocomplete": "^6.0.0",
        "@codemirror/lang-css": "^6.0.0",
        "@codemirror/lang-javascript": "^6.0.0",
        "@codemirror/language": "^6.0.0",
        "@codemirror/state": "^6.0.0",
        "@lezer/common": "^1.0.0",
        "@lezer/html": "^1.0.0"
      }
    },
    "@codemirror/lang-java": {
      "version": "6.0.0",
      "resolved": "https://registry.npmjs.org/@codemirror/lang-java/-/lang-java-6.0.0.tgz",
      "integrity": "sha512-aeWq+ikUS6Eubk6RBbiMgxuBIT4Ih8Asb1qc2pSiMcstrwr4ODbazPXsBHbLBYg3aObvFyOm2bNQncbQJjZ3sQ==",
      "requires": {
        "@codemirror/language": "^6.0.0",
        "@lezer/java": "^1.0.0"
      }
    },
    "@codemirror/lang-javascript": {
      "version": "6.0.0",
      "resolved": "https://registry.npmjs.org/@codemirror/lang-javascript/-/lang-javascript-6.0.0.tgz",
      "integrity": "sha512-IQLfR+pgydwLxP3AQYOhjGfLWlAZz5SEH+M1tnUXVvp2+KZhn3iDTQX/7HZgoJ3w0oySKOxPjdq6jmkTCW6/sg==",
      "requires": {
        "@codemirror/autocomplete": "^6.0.0",
        "@codemirror/language": "^6.0.0",
        "@codemirror/lint": "^6.0.0",
        "@codemirror/state": "^6.0.0",
        "@codemirror/view": "^6.0.0",
        "@lezer/common": "^1.0.0",
        "@lezer/javascript": "^1.0.0"
      }
    },
    "@codemirror/lang-json": {
      "version": "6.0.0",
      "resolved": "https://registry.npmjs.org/@codemirror/lang-json/-/lang-json-6.0.0.tgz",
      "integrity": "sha512-DvTcYTKLmg2viADXlTdufrT334M9jowe1qO02W28nvm+nejcvhM5vot5mE8/kPrxYw/HJHhwu1z2PyBpnMLCNQ==",
      "requires": {
        "@codemirror/language": "^6.0.0",
        "@lezer/json": "^1.0.0"
      }
    },
    "@codemirror/lang-markdown": {
      "version": "6.0.0",
      "resolved": "https://registry.npmjs.org/@codemirror/lang-markdown/-/lang-markdown-6.0.0.tgz",
      "integrity": "sha512-ozJaO1W4WgGlwWOoYCSYzbVhhM0YM/4lAWLrNsBbmhh5Ztpl0qm4CgEQRl3t8/YcylTZYBIXiskui8sHNGd4dg==",
      "requires": {
        "@codemirror/lang-html": "^6.0.0",
        "@codemirror/language": "^6.0.0",
        "@codemirror/state": "^6.0.0",
        "@codemirror/view": "^6.0.0",
        "@lezer/common": "^1.0.0",
        "@lezer/markdown": "^1.0.0"
      }
    },
    "@codemirror/lang-php": {
      "version": "6.0.0",
      "resolved": "https://registry.npmjs.org/@codemirror/lang-php/-/lang-php-6.0.0.tgz",
      "integrity": "sha512-96CEjq0xEgbzc6bdFPwILPfZ6m8917JRbh2oPszZJABlYxG4Y+eYjtYkUTDb4yuyjQKyigHoeGC6zoIOYA1NWA==",
      "requires": {
        "@codemirror/lang-html": "^6.0.0",
        "@codemirror/language": "^6.0.0",
        "@codemirror/state": "^6.0.0",
        "@lezer/common": "^1.0.0",
        "@lezer/php": "^1.0.0"
      }
    },
    "@codemirror/lang-python": {
      "version": "6.0.0",
      "resolved": "https://registry.npmjs.org/@codemirror/lang-python/-/lang-python-6.0.0.tgz",
      "integrity": "sha512-wI448yup4Y2Xxq/7r3Q4eEmth74ud263ABcexumEFEcoU+0c1k5XRKXp1aT5PrrVavlAKxWQMEvgi+x+HBU4zQ==",
      "requires": {
        "@codemirror/language": "^6.0.0",
        "@lezer/python": "^1.0.0"
      }
    },
    "@codemirror/lang-rust": {
      "version": "6.0.0",
      "resolved": "https://registry.npmjs.org/@codemirror/lang-rust/-/lang-rust-6.0.0.tgz",
      "integrity": "sha512-VQql3Qk1BwoXb3SUkeWll/EEwhsgQWc1bpia7CFqqp2PhQBb5A6r4Vj2JCkU/nE6A7TDPSGHTOoqJSG5s/VXtQ==",
      "requires": {
        "@codemirror/language": "^6.0.0",
        "@lezer/rust": "^1.0.0"
      }
    },
    "@codemirror/lang-sql": {
      "version": "6.0.0",
      "resolved": "https://registry.npmjs.org/@codemirror/lang-sql/-/lang-sql-6.0.0.tgz",
      "integrity": "sha512-mq4NwTDbbo7QZktfgPsS+ms0FmAceH4WM2jLbgf+N28FoKUy0JzGe3XJymgnTewXnNUwujKBxArQzibxSDdVyQ==",
      "requires": {
        "@codemirror/autocomplete": "^6.0.0",
        "@codemirror/language": "^6.0.0",
        "@codemirror/state": "^6.0.0",
        "@lezer/highlight": "^1.0.0",
        "@lezer/lr": "^1.0.0"
      }
    },
    "@codemirror/lang-wast": {
      "version": "6.0.0",
      "resolved": "https://registry.npmjs.org/@codemirror/lang-wast/-/lang-wast-6.0.0.tgz",
      "integrity": "sha512-vSbtLrxuB95PC5LJ+yszKVmBUkLmMdowNFjjn0e+LHeBzvpdQJHVomgE76UUFeZGW+Ht0VfM6rxEd9SL85FuhA==",
      "requires": {
        "@codemirror/language": "^6.0.0",
        "@lezer/highlight": "^1.0.0",
        "@lezer/lr": "^1.0.0"
      }
    },
    "@codemirror/lang-xml": {
      "version": "6.0.0",
      "resolved": "https://registry.npmjs.org/@codemirror/lang-xml/-/lang-xml-6.0.0.tgz",
      "integrity": "sha512-M/HLWxIiP956xGjtrxkeHkCmDGVQGKu782x8pOH5CLJIMkWtiB1DWfDoDHqpFjdEE9dkfcqPWvYfVi6GbhuXEg==",
      "requires": {
        "@codemirror/autocomplete": "^6.0.0",
        "@codemirror/language": "^6.0.0",
        "@codemirror/state": "^6.0.0",
        "@lezer/common": "^1.0.0",
        "@lezer/xml": "^1.0.0"
      }
    },
    "@codemirror/language": {
      "version": "6.1.0",
      "resolved": "https://registry.npmjs.org/@codemirror/language/-/language-6.1.0.tgz",
      "integrity": "sha512-CeqY80nvUFrJcXcBW115aNi06D0PS8NSW6nuJRSwbrYFkE0SfJnPfyLGrcM90AV95lqg5+4xUi99BCmzNaPGJg==",
      "requires": {
        "@codemirror/state": "^6.0.0",
        "@codemirror/view": "^6.0.0",
        "@lezer/common": "^1.0.0",
        "@lezer/highlight": "^1.0.0",
        "@lezer/lr": "^1.0.0",
        "style-mod": "^4.0.0"
      }
    },
    "@codemirror/language-data": {
      "version": "6.1.0",
      "resolved": "https://registry.npmjs.org/@codemirror/language-data/-/language-data-6.1.0.tgz",
      "integrity": "sha512-g9V23fuLRI9AEbpM6bDy1oquqgpFlIDHTihUhL21NPmxp+x67ZJbsKk+V71W7/Bj8SCqEO1PtqQA/tDGgt1nfw==",
      "requires": {
        "@codemirror/lang-cpp": "^6.0.0",
        "@codemirror/lang-css": "^6.0.0",
        "@codemirror/lang-html": "^6.0.0",
        "@codemirror/lang-java": "^6.0.0",
        "@codemirror/lang-javascript": "^6.0.0",
        "@codemirror/lang-json": "^6.0.0",
        "@codemirror/lang-markdown": "^6.0.0",
        "@codemirror/lang-php": "^6.0.0",
        "@codemirror/lang-python": "^6.0.0",
        "@codemirror/lang-rust": "^6.0.0",
        "@codemirror/lang-sql": "^6.0.0",
        "@codemirror/lang-wast": "^6.0.0",
        "@codemirror/lang-xml": "^6.0.0",
        "@codemirror/language": "^6.0.0",
        "@codemirror/legacy-modes": "^6.1.0"
      }
    },
    "@codemirror/legacy-modes": {
      "version": "6.1.0",
      "resolved": "https://registry.npmjs.org/@codemirror/legacy-modes/-/legacy-modes-6.1.0.tgz",
      "integrity": "sha512-V/PgGpndkZeTn3Hdlg/gd8MLFdyvTCIX+iwJzjUw5iNziWiNsAY8X0jvf7m3gSfxnKkNzmid6l0g4rYSpiDaCw==",
      "requires": {
        "@codemirror/language": "^6.0.0"
      }
    },
    "@codemirror/lint": {
      "version": "6.0.0",
      "resolved": "https://registry.npmjs.org/@codemirror/lint/-/lint-6.0.0.tgz",
      "integrity": "sha512-nUUXcJW1Xp54kNs+a1ToPLK8MadO0rMTnJB8Zk4Z8gBdrN0kqV7uvUraU/T2yqg+grDNR38Vmy/MrhQN/RgwiA==",
      "requires": {
        "@codemirror/state": "^6.0.0",
        "@codemirror/view": "^6.0.0",
        "crelt": "^1.0.5"
      }
    },
    "@codemirror/state": {
      "version": "6.0.1",
      "resolved": "https://registry.npmjs.org/@codemirror/state/-/state-6.0.1.tgz",
      "integrity": "sha512-6vYgaXc4KjSY0BUfSVDJooGcoswg/RJZpq/ZGjsUYmY0KN1lmB8u03nv+jiG1ncUV5qoggyxFT5AGD5Ak+5Zrw=="
    },
    "@codemirror/view": {
      "version": "6.0.2",
      "resolved": "https://registry.npmjs.org/@codemirror/view/-/view-6.0.2.tgz",
      "integrity": "sha512-mnVT/q1JvKPjpmjXJNeCi/xHyaJ3abGJsumIVpdQ1nE1MXAyHf7GHWt8QpWMUvDiqF0j+inkhVR2OviTdFFX7Q==",
      "requires": {
        "@codemirror/state": "^6.0.0",
        "style-mod": "^4.0.0",
        "w3c-keyname": "^2.2.4"
      }
    },
    "@lezer/common": {
      "version": "1.0.0",
      "resolved": "https://registry.npmjs.org/@lezer/common/-/common-1.0.0.tgz",
      "integrity": "sha512-ohydQe+Hb+w4oMDvXzs8uuJd2NoA3D8YDcLiuDsLqH+yflDTPEpgCsWI3/6rH5C3BAedtH1/R51dxENldQceEA=="
    },
    "@lezer/cpp": {
      "version": "1.0.0",
      "resolved": "https://registry.npmjs.org/@lezer/cpp/-/cpp-1.0.0.tgz",
      "integrity": "sha512-Klk3/AIEKoptmm6cNm7xTulNXjdTKkD+hVOEcz/NeRg8tIestP5hsGHJeFDR/XtyDTxsjoPjKZRIGohht7zbKw==",
      "requires": {
        "@lezer/highlight": "^1.0.0",
        "@lezer/lr": "^1.0.0"
      }
    },
    "@lezer/css": {
      "version": "1.0.0",
      "resolved": "https://registry.npmjs.org/@lezer/css/-/css-1.0.0.tgz",
      "integrity": "sha512-616VqgDKumHmYIuxs3tnX1irEQmoDHgF/TlP4O5ICWwyHwLMErq+8iKVuzTkOdBqvYAVmObqThcDEAaaMJjAdg==",
      "requires": {
        "@lezer/highlight": "^1.0.0",
        "@lezer/lr": "^1.0.0"
      }
    },
    "@lezer/highlight": {
      "version": "1.0.0",
      "resolved": "https://registry.npmjs.org/@lezer/highlight/-/highlight-1.0.0.tgz",
      "integrity": "sha512-nsCnNtim90UKsB5YxoX65v3GEIw3iCHw9RM2DtdgkiqAbKh9pCdvi8AWNwkYf10Lu6fxNhXPpkpHbW6mihhvJA==",
      "requires": {
        "@lezer/common": "^1.0.0"
      }
    },
    "@lezer/html": {
      "version": "1.0.0",
      "resolved": "https://registry.npmjs.org/@lezer/html/-/html-1.0.0.tgz",
      "integrity": "sha512-wZHBcieArLTxEi198hqRBBHMySzDKo5suWaESdUw0t44IXp01vkSRwX2brG1qBbKdwJ+C6U0iMl00vWNiyAROg==",
      "requires": {
        "@lezer/highlight": "^1.0.0",
        "@lezer/lr": "^1.0.0"
      }
    },
    "@lezer/java": {
      "version": "1.0.0",
      "resolved": "https://registry.npmjs.org/@lezer/java/-/java-1.0.0.tgz",
      "integrity": "sha512-z2EA0JHq2WoiKfQy5uOOd4t17PJtq8guh58gPkSzOnNcQ7DNbkrU+Axak+jL8+Noinwyz2tRNOseQFj+Tg+P0A==",
      "requires": {
        "@lezer/highlight": "^1.0.0",
        "@lezer/lr": "^1.0.0"
      }
    },
    "@lezer/javascript": {
      "version": "1.0.0",
      "resolved": "https://registry.npmjs.org/@lezer/javascript/-/javascript-1.0.0.tgz",
      "integrity": "sha512-RawBSrMD9yrVdrXWKn7hqo5BqgBaFelUx80i6p2/V0f+0THjncSSrRC6v3QWVv++RpqWT59L8ujKZjlExJq9xw==",
      "requires": {
        "@lezer/highlight": "^1.0.0",
        "@lezer/lr": "^1.0.0"
      }
    },
    "@lezer/json": {
      "version": "1.0.0",
      "resolved": "https://registry.npmjs.org/@lezer/json/-/json-1.0.0.tgz",
      "integrity": "sha512-zbAuUY09RBzCoCA3lJ1+ypKw5WSNvLqGMtasdW6HvVOqZoCpPr8eWrsGnOVWGKGn8Rh21FnrKRVlJXrGAVUqRw==",
      "requires": {
        "@lezer/highlight": "^1.0.0",
        "@lezer/lr": "^1.0.0"
      }
    },
    "@lezer/lr": {
      "version": "1.0.0",
      "resolved": "https://registry.npmjs.org/@lezer/lr/-/lr-1.0.0.tgz",
      "integrity": "sha512-k6DEqBh4HxqO/cVGedb6Ern6LS7K6IOzfydJ5WaqCR26v6UR9sIFyb6PS+5rPUs/mXgnBR/QQCW7RkyjSCMoQA==",
      "requires": {
        "@lezer/common": "^1.0.0"
      }
    },
    "@lezer/markdown": {
      "version": "1.0.0",
      "resolved": "https://registry.npmjs.org/@lezer/markdown/-/markdown-1.0.0.tgz",
      "integrity": "sha512-zXPyB87LoEEGzwxtzfLaeiHOgxCgw/eEAD+meDmF8ldNggD4H22pEMCEwgKZKc8wV9dEeQGxYmuC+yW+LqAFew==",
      "requires": {
        "@lezer/common": "^1.0.0",
        "@lezer/highlight": "^1.0.0"
      }
    },
    "@lezer/php": {
      "version": "1.0.0",
      "resolved": "https://registry.npmjs.org/@lezer/php/-/php-1.0.0.tgz",
      "integrity": "sha512-kFQu/mk/vmjpA+fjQU87d9eimqKJ9PFCa8CZCPFWGEwNnm7Ahpw32N+HYEU/YAQ0XcfmOAnW/YJCEa8WpUOMMw==",
      "requires": {
        "@lezer/highlight": "^1.0.0",
        "@lezer/lr": "^1.0.0"
      }
    },
    "@lezer/python": {
      "version": "1.0.0",
      "resolved": "https://registry.npmjs.org/@lezer/python/-/python-1.0.0.tgz",
      "integrity": "sha512-UQtDPmNhXxQZ7/Uoh8mR6sckrFzeyrjCkTIy7WQY8Sjdfi8wmr49iPbgsThy1Jy0DDBTnqZRULDngXNJ5AWVqg==",
      "requires": {
        "@lezer/highlight": "^1.0.0",
        "@lezer/lr": "^1.0.0"
      }
    },
    "@lezer/rust": {
      "version": "1.0.0",
      "resolved": "https://registry.npmjs.org/@lezer/rust/-/rust-1.0.0.tgz",
      "integrity": "sha512-IpGAxIjNxYmX9ra6GfQTSPegdCAWNeq23WNmrsMMQI7YNSvKtYxO4TX5rgZUmbhEucWn0KTBMeDEPXg99YKtTA==",
      "requires": {
        "@lezer/highlight": "^1.0.0",
        "@lezer/lr": "^1.0.0"
      }
    },
    "@lezer/xml": {
      "version": "1.0.0",
      "resolved": "https://registry.npmjs.org/@lezer/xml/-/xml-1.0.0.tgz",
      "integrity": "sha512-73iI9UK8iqSvWtLlOEl/g+50ivwQn8Ge6foHVN66AXUS1RccFnAoc7BYU8b3c8/rP6dfCOGqAGaWLxBzhj60MA==",
      "requires": {
        "@lezer/highlight": "^1.0.0",
        "@lezer/lr": "^1.0.0"
      }
    },
    "@uiw/codemirror-theme-dracula": {
      "version": "4.9.4",
      "resolved": "https://registry.npmjs.org/@uiw/codemirror-theme-dracula/-/codemirror-theme-dracula-4.9.4.tgz",
      "integrity": "sha512-NHhfOm9tbzD8zw/ev2kordyRmiO3A7B5MzMFkpxCP4vTZH/+TR/jctw+RfN+1DwJYXUo1DEultvRWJ99u9zTjg==",
      "requires": {
        "@uiw/codemirror-themes": "4.9.4"
      }
    },
    "@uiw/codemirror-themes": {
      "version": "4.9.4",
      "resolved": "https://registry.npmjs.org/@uiw/codemirror-themes/-/codemirror-themes-4.9.4.tgz",
      "integrity": "sha512-8aBVCenwvhIUjs6HNenqZhxIbrRdN/sBVPmikPi3lntK1HfGRqBHmU0XjdCjp6uGXwUl7b5J0mmNsKS7PaLPWg==",
      "requires": {
        "@codemirror/language": "^6.0.0",
        "@codemirror/state": "^6.0.0",
        "@codemirror/view": "^6.0.0"
      }
    },
    "crelt": {
      "version": "1.0.5",
      "resolved": "https://registry.npmjs.org/crelt/-/crelt-1.0.5.tgz",
      "integrity": "sha512-+BO9wPPi+DWTDcNYhr/W90myha8ptzftZT+LwcmUbbok0rcP/fequmFYCw8NMoH7pkAZQzU78b3kYrlua5a9eA=="
    },
    "style-mod": {
      "version": "4.0.0",
      "resolved": "https://registry.npmjs.org/style-mod/-/style-mod-4.0.0.tgz",
      "integrity": "sha512-OPhtyEjyyN9x3nhPsu76f52yUGXiZcgvsrFVtvTkyGRQJ0XK+GPc6ov1z+lRpbeabka+MYEQxOYRnt5nF30aMw=="
    },
    "w3c-keyname": {
      "version": "2.2.4",
      "resolved": "https://registry.npmjs.org/w3c-keyname/-/w3c-keyname-2.2.4.tgz",
      "integrity": "sha512-tOhfEwEzFLJzf6d1ZPkYfGj+FWhIpBux9ppoP3rlclw3Z0BZv3N7b7030Z1kYth+6rDuAsXUFr+d0VE6Ed1ikw=="
    }
  }
}
